{
    "_meta": {
        "hash": {
            "sha256": "0555784e86a259619434442a33a6b9f15d275a1a4c14431e49a207115b547a91"
        },
        "pipfile-spec": 6,
        "requires": {
            "python_version": "3.6"
        },
        "sources": [
            {
                "name": "pypi",
                "url": "https://pypi.org/simple",
                "verify_ssl": true
            }
        ]
    },
    "default": {},
    "develop": {
        "httpretty": {
            "hashes": [
                "sha256:543fa2bd9c319bfa1e1de9e37d7c9c08fa926a692b65b0be5df4b2f069fd0ad7"
            ],
            "index": "pypi",
            "version": "==0.9.5"
        },
        "six": {
            "hashes": [
                "sha256:70e8a77beed4562e7f14fe23a786b54f6296e34344c23bc42f07b15018ff98e9",
                "sha256:832dc0e10feb1aa2c68dcc57dbb658f1c7e65b9b61af69048abc87a2db00a0eb"
            ],
            "version": "==1.11.0"
        }
    }
}
